<Solution>
  <Project Path="ClinicManagementSystem/ClinicManagementSystem.csproj" />
  <Project Path="HotelManagementSystem/HotelManagementSystem.csproj" Id="7a1c48c0-da57-4abb-a5e9-c2cf10ffa196" />
  <Project Path="LibraryManagementSystem/LibraryManagementSystem.csproj" Id="42c4cdf3-91f6-4ed8-afe1-535b7d6f6d14" />
</Solution>
